
Microsoft Visual Studio Solution File, Format Version 12.00
# Visual Studio Version 17
VisualStudioVersion = 17.14.36518.9 d17.14
MinimumVisualStudioVersion = 10.0.40219.1
Project("{888888A0-9F3D-457C-B088-3A5042F75D52}") = "OutlookVBAConversion", "OutlookVBAConversion.pyproj", "{B19AA7BB-8011-441C-B12A-28171A286B07}"
EndProject
Global
	GlobalSection(SolutionConfigurationPlatforms) = preSolution
		Debug|Any CPU = Debug|Any CPU
		Release|Any CPU = Release|Any CPU
	EndGlobalSection
	GlobalSection(ProjectConfigurationPlatforms) = postSolution
		{B19AA7BB-8011-441C-B12A-28171A286B07}.Debug|Any CPU.ActiveCfg = Debug|Any CPU
		{B19AA7BB-8011-441C-B12A-28171A286B07}.Release|Any CPU.ActiveCfg = Release|Any CPU
	EndGlobalSection
	GlobalSection(SolutionProperties) = preSolution
		HideSolutionNode = FALSE
	EndGlobalSection
	GlobalSection(ExtensibilityGlobals) = postSolution
		SolutionGuid = {041D503C-D8DB-43BE-B31B-C76919DB48DD}
	EndGlobalSection
EndGlobal
